
Microsoft Visual Studio Solution File, Format Version 12.00
# Visual Studio Version 17
VisualStudioVersion = 17.9.34701.34
MinimumVisualStudioVersion = 10.0.40219.1
Project("{2150E333-8FDC-42A3-9474-1A3956D46DE8}") = "Engine", "Engine", "{39387489-FC4A-4845-B204-3C51CD874896}"
EndProject
Project("{2150E333-8FDC-42A3-9474-1A3956D46DE8}") = "Framework", "Framework", "{A0644E8D-6DBF-4BE9-96E2-9C6191F50163}"
EndProject
Project("{8BC9CEB8-8B4A-11D0-8D11-00A0C91BC942}") = "Core", "Framework\Core\Core.vcxproj", "{DDF5399B-E800-4FAA-BBBB-4E31641DC351}"
EndProject
Project("{2150E333-8FDC-42A3-9474-1A3956D46DE8}") = "VGP242", "VGP242", "{CF1B17E5-4445-4BEF-A501-FA6CB0976ABC}"
EndProject
Project("{8BC9CEB8-8B4A-11D0-8D11-00A0C91BC942}") = "01_HelloWindow", "VGP242\01_HelloWindow\01_HelloWindow.vcxproj", "{3F565230-DA30-4BA1-8C25-81D8AFF0C8B4}"
EndProject
Project("{8BC9CEB8-8B4A-11D0-8D11-00A0C91BC942}") = "FlowerEngine", "Engine\FlowerEngine\FlowerEngine.vcxproj", "{C8B15174-9001-409A-B2A7-885284A43179}"
EndProject
Project("{2150E333-8FDC-42A3-9474-1A3956D46DE8}") = "External", "External", "{941CE311-AD00-4010-8290-BFB112F42C17}"
EndProject
Project("{8BC9CEB8-8B4A-11D0-8D11-00A0C91BC942}") = "DirectXTK_Desktop_2019", "External\DirectXTK\DirectXTK_Desktop_2019.vcxproj", "{E0B52AE7-E160-4D32-BF3F-910B785E5A8E}"
EndProject
Project("{8BC9CEB8-8B4A-11D0-8D11-00A0C91BC942}") = "Math", "Framework\Math\Math.vcxproj", "{00F7F70B-748E-4048-8A98-C2520C5736FE}"
EndProject
Project("{8BC9CEB8-8B4A-11D0-8D11-00A0C91BC942}") = "Graphics", "Framework\Graphics\Graphics.vcxproj", "{DAF26EAA-52C7-4BE2-80DD-094E5F5AB23C}"
EndProject
Project("{8BC9CEB8-8B4A-11D0-8D11-00A0C91BC942}") = "Input", "Framework\Input\Input.vcxproj", "{3629F01A-6FED-42EB-B308-E9F7F1346EAF}"
EndProject
Project("{8BC9CEB8-8B4A-11D0-8D11-00A0C91BC942}") = "02_HelloShapes", "VGP242\02_HelloShapes\02_HelloShapes.vcxproj", "{CCED8FF8-4EEE-4B0C-AFB0-D87EF4D2A099}"
EndProject
Project("{2150E333-8FDC-42A3-9474-1A3956D46DE8}") = "Assets", "Assets", "{719BE7DA-133C-4931-AA01-1F515E42B26E}"
EndProject
Project("{2150E333-8FDC-42A3-9474-1A3956D46DE8}") = "Shaders", "Shaders", "{CDE1A635-5C98-4532-9AC5-E4FBC8B04CEF}"
	ProjectSection(SolutionItems) = preProject
		Assets\Shaders\CelShading.fx = Assets\Shaders\CelShading.fx
		Assets\Shaders\DoColor.fx = Assets\Shaders\DoColor.fx
		Assets\Shaders\DoTexture.fx = Assets\Shaders\DoTexture.fx
		Assets\Shaders\DoTransform.fx = Assets\Shaders\DoTransform.fx
		Assets\Shaders\GaussianBlur.fx = Assets\Shaders\GaussianBlur.fx
		Assets\Shaders\Particle.fx = Assets\Shaders\Particle.fx
		Assets\Shaders\PostProcessing.fx = Assets\Shaders\PostProcessing.fx
		Assets\Shaders\Puddle.fx = Assets\Shaders\Puddle.fx
		Assets\Shaders\Shadow.fx = Assets\Shaders\Shadow.fx
		Assets\Shaders\Standard.fx = Assets\Shaders\Standard.fx
		Assets\Shaders\Terrain.fx = Assets\Shaders\Terrain.fx
	EndProjectSection
EndProject
Project("{8BC9CEB8-8B4A-11D0-8D11-00A0C91BC942}") = "03_Hello_Cube", "VGP242\03_Hello_Cube\03_Hello_Cube.vcxproj", "{FBF5E699-B58F-4B58-8C63-51522DC2E673}"
EndProject
Project("{8BC9CEB8-8B4A-11D0-8D11-00A0C91BC942}") = "04_HelloMeshBuilder", "VGP242\04_HelloMeshBuilder\04_HelloMeshBuilder.vcxproj", "{180DDD13-B8D9-4F03-A813-9B180B05A851}"
EndProject
Project("{8BC9CEB8-8B4A-11D0-8D11-00A0C91BC942}") = "ImGui", "External\ImGui\ImGui.vcxproj", "{52D656A2-A2F4-4C54-A3C7-653427BED1E8}"
EndProject
Project("{8BC9CEB8-8B4A-11D0-8D11-00A0C91BC942}") = "05_HelloDebug", "VGP242\05_HelloDebug\05_HelloDebug.vcxproj", "{0D5C0360-19CF-473E-8C27-5A447869463C}"
EndProject
Project("{8BC9CEB8-8B4A-11D0-8D11-00A0C91BC942}") = "06_HelloSimpleDraw", "VGP242\06_HelloSimpleDraw\06_HelloSimpleDraw.vcxproj", "{B091AE59-2FBB-4203-8925-9F58E075D5B8}"
EndProject
Project("{8BC9CEB8-8B4A-11D0-8D11-00A0C91BC942}") = "07_HelloRenderTarget", "VGP242\07_HelloRenderTarget\07_HelloRenderTarget.vcxproj", "{D2C1EF5E-1767-4B6A-A28E-966D7AFE454F}"
EndProject
Project("{2150E333-8FDC-42A3-9474-1A3956D46DE8}") = "VGP330", "VGP330", "{9240C2C1-045A-4113-93B3-E928F5DECB11}"
EndProject
Project("{8BC9CEB8-8B4A-11D0-8D11-00A0C91BC942}") = "10_HelloLighting", "VGP330\10_HelloLighting\10_HelloLighting.vcxproj", "{DE49E296-5B82-4DA3-821C-F9CA81C5F87B}"
EndProject
Project("{8BC9CEB8-8B4A-11D0-8D11-00A0C91BC942}") = "11_HelloCellShading", "VGP330\11_HelloCellShading\11_HelloCellShading.vcxproj", "{40CFAEF3-6BBC-4FA9-BC4C-EE348A062BA9}"
EndProject
Project("{2150E333-8FDC-42A3-9474-1A3956D46DE8}") = "Tools", "Tools", "{F4579BBF-48C6-4FD6-BC9B-064B5D962CCA}"
EndProject
Project("{8BC9CEB8-8B4A-11D0-8D11-00A0C91BC942}") = "ModelImporter", "Tools\ModelImporter\ModelImporter.vcxproj", "{36246827-9E8E-4AB2-8EAC-2FCB09B8DA48}"
EndProject
Project("{8BC9CEB8-8B4A-11D0-8D11-00A0C91BC942}") = "12_HelloModel", "VGP330\12_HelloModel\12_HelloModel.vcxproj", "{ED865493-8BC7-43B0-9A9A-F9539C0B1DA1}"
EndProject
Project("{8BC9CEB8-8B4A-11D0-8D11-00A0C91BC942}") = "13_HelloPostProcessing", "VGP330\13_HelloPostProcessing\13_HelloPostProcessing.vcxproj", "{41AA139A-52C9-404D-AE94-424E41EA2826}"
EndProject
Project("{8BC9CEB8-8B4A-11D0-8D11-00A0C91BC942}") = "14_HelloGaussianBlur", "VGP330\14_HelloGaussianBlur\14_HelloGaussianBlur.vcxproj", "{1DE6D571-F6D0-48A9-B99D-9BA8E284564C}"
EndProject
Project("{8BC9CEB8-8B4A-11D0-8D11-00A0C91BC942}") = "15_HelloTerrain", "VGP330\15_HelloTerrain\15_HelloTerrain.vcxproj", "{632D572D-B520-4205-A31A-151C45565A29}"
EndProject
Project("{8BC9CEB8-8B4A-11D0-8D11-00A0C91BC942}") = "16_HelloShadow", "VGP330\16_HelloShadow\16_HelloShadow.vcxproj", "{FDFB80F7-68CC-482B-91CF-CC6B9E962A52}"
EndProject
Project("{8BC9CEB8-8B4A-11D0-8D11-00A0C91BC942}") = "17_HelloBillboard", "VGP330\17_HelloBillboard\17_HelloBillboard.vcxproj", "{4351FFAC-BFC8-4B28-8E76-D94679B6F375}"
EndProject
Project("{8BC9CEB8-8B4A-11D0-8D11-00A0C91BC942}") = "18_HelloPuddles", "VGP330\18_HelloPuddles\18_HelloPuddles.vcxproj", "{547A66EA-DC01-423B-BAF4-A13A4C1757A4}"
EndProject
Project("{2150E333-8FDC-42A3-9474-1A3956D46DE8}") = "VGP334", "VGP334", "{F1058072-2549-4BA2-A166-F70A40B6DFC5}"
EndProject
Project("{8BC9CEB8-8B4A-11D0-8D11-00A0C91BC942}") = "19_HelloAnimation", "VGP334\19_HelloAnimation\19_HelloAnimation.vcxproj", "{7C4AAC1A-56E9-49FE-8C95-0190F1499F46}"
EndProject
Project("{8BC9CEB8-8B4A-11D0-8D11-00A0C91BC942}") = "20_HelloSkeleton", "VGP334\20_HelloSkeleton\20_HelloSkeleton.vcxproj", "{62B62E72-C41D-4EC6-BA0B-DBD24859F053}"
EndProject
Project("{8BC9CEB8-8B4A-11D0-8D11-00A0C91BC942}") = "21_HelloSkeletonAnimation", "VGP334\21_HelloSkeletonAnimation\21_HelloSkeletonAnimation.vcxproj", "{4258E59E-B96C-4B98-8200-9A13CE6BA0F7}"
EndProject
Project("{8BC9CEB8-8B4A-11D0-8D11-00A0C91BC942}") = "Bullet", "External\Bullet\Bullet.vcxproj", "{516192EB-788A-4FE7-B2B7-2EF9AC036B12}"
EndProject
Project("{8BC9CEB8-8B4A-11D0-8D11-00A0C91BC942}") = "Physics", "Framework\Physics\Physics.vcxproj", "{F8CDDB4B-5E6A-45D2-ACE9-B631024B9A46}"
EndProject
Project("{8BC9CEB8-8B4A-11D0-8D11-00A0C91BC942}") = "22_HelloPhysics", "VGP334\22_HelloPhysics\22_HelloPhysics.vcxproj", "{EFF1DB9A-DE45-4426-87B4-5DE69094403F}"
EndProject
Project("{8BC9CEB8-8B4A-11D0-8D11-00A0C91BC942}") = "23_HelloSoftBody", "VGP334\23_HelloSoftBody\23_HelloSoftBody.vcxproj", "{347F76F1-FA3D-4A8B-89AE-94619E4BB9C0}"
EndProject
Project("{8BC9CEB8-8B4A-11D0-8D11-00A0C91BC942}") = "24_HelloParticles", "VGP334\24_HelloParticles\24_HelloParticles.vcxproj", "{BDC8263C-C1B1-4479-B987-8AC1E92C8A3C}"
EndProject
Project("{8BC9CEB8-8B4A-11D0-8D11-00A0C91BC942}") = "25_HelloEvents", "VGP334\25_HelloEvents\25_HelloEvents.vcxproj", "{3A679D91-1AD4-4AAD-8B78-62FDDD05B6AF}"
EndProject
Project("{8BC9CEB8-8B4A-11D0-8D11-00A0C91BC942}") = "Audio", "Framework\Audio\Audio.vcxproj", "{25C62776-EF57-46A0-894A-6EA8ED7CA3A3}"
EndProject
Project("{8BC9CEB8-8B4A-11D0-8D11-00A0C91BC942}") = "DirectXTKAudio_Desktop_2022_Win8", "..\CamuEngine\External\DirectXTK\Audio\DirectXTKAudio_Desktop_2022_Win8.vcxproj", "{4F150A30-CECB-49D1-8283-6A3F57438CF5}"
EndProject
Project("{8BC9CEB8-8B4A-11D0-8D11-00A0C91BC942}") = "26_HelloProceduralAnimation", "VGP334\26_HelloProceduralAnimation\26_HelloProceduralAnimation.vcxproj", "{9B3B2B56-5264-4ED6-9FC5-2FA9CCC2B55A}"
EndProject
Project("{8BC9CEB8-8B4A-11D0-8D11-00A0C91BC942}") = "27_HelloFinalAnimation", "VGP334\27_HelloFinalAnimation\27_HelloFinalAnimation.vcxproj", "{3B1418B7-6170-4BFF-84ED-9BB4837CF8AA}"
EndProject
Global
	GlobalSection(SolutionConfigurationPlatforms) = preSolution
		Debug|x64 = Debug|x64
		Debug|x86 = Debug|x86
		Release|x64 = Release|x64
		Release|x86 = Release|x86
	EndGlobalSection
	GlobalSection(ProjectConfigurationPlatforms) = postSolution
		{DDF5399B-E800-4FAA-BBBB-4E31641DC351}.Debug|x64.ActiveCfg = Debug|x64
		{DDF5399B-E800-4FAA-BBBB-4E31641DC351}.Debug|x64.Build.0 = Debug|x64
		{DDF5399B-E800-4FAA-BBBB-4E31641DC351}.Debug|x86.ActiveCfg = Debug|Win32
		{DDF5399B-E800-4FAA-BBBB-4E31641DC351}.Debug|x86.Build.0 = Debug|Win32
		{DDF5399B-E800-4FAA-BBBB-4E31641DC351}.Release|x64.ActiveCfg = Release|x64
		{DDF5399B-E800-4FAA-BBBB-4E31641DC351}.Release|x64.Build.0 = Release|x64
		{DDF5399B-E800-4FAA-BBBB-4E31641DC351}.Release|x86.ActiveCfg = Release|Win32
		{DDF5399B-E800-4FAA-BBBB-4E31641DC351}.Release|x86.Build.0 = Release|Win32
		{3F565230-DA30-4BA1-8C25-81D8AFF0C8B4}.Debug|x64.ActiveCfg = Debug|x64
		{3F565230-DA30-4BA1-8C25-81D8AFF0C8B4}.Debug|x64.Build.0 = Debug|x64
		{3F565230-DA30-4BA1-8C25-81D8AFF0C8B4}.Debug|x86.ActiveCfg = Debug|Win32
		{3F565230-DA30-4BA1-8C25-81D8AFF0C8B4}.Debug|x86.Build.0 = Debug|Win32
		{3F565230-DA30-4BA1-8C25-81D8AFF0C8B4}.Release|x64.ActiveCfg = Release|x64
		{3F565230-DA30-4BA1-8C25-81D8AFF0C8B4}.Release|x64.Build.0 = Release|x64
		{3F565230-DA30-4BA1-8C25-81D8AFF0C8B4}.Release|x86.ActiveCfg = Release|Win32
		{3F565230-DA30-4BA1-8C25-81D8AFF0C8B4}.Release|x86.Build.0 = Release|Win32
		{C8B15174-9001-409A-B2A7-885284A43179}.Debug|x64.ActiveCfg = Debug|x64
		{C8B15174-9001-409A-B2A7-885284A43179}.Debug|x64.Build.0 = Debug|x64
		{C8B15174-9001-409A-B2A7-885284A43179}.Debug|x86.ActiveCfg = Debug|Win32
		{C8B15174-9001-409A-B2A7-885284A43179}.Debug|x86.Build.0 = Debug|Win32
		{C8B15174-9001-409A-B2A7-885284A43179}.Release|x64.ActiveCfg = Release|x64
		{C8B15174-9001-409A-B2A7-885284A43179}.Release|x64.Build.0 = Release|x64
		{C8B15174-9001-409A-B2A7-885284A43179}.Release|x86.ActiveCfg = Release|Win32
		{C8B15174-9001-409A-B2A7-885284A43179}.Release|x86.Build.0 = Release|Win32
		{E0B52AE7-E160-4D32-BF3F-910B785E5A8E}.Debug|x64.ActiveCfg = Debug|x64
		{E0B52AE7-E160-4D32-BF3F-910B785E5A8E}.Debug|x64.Build.0 = Debug|x64
		{E0B52AE7-E160-4D32-BF3F-910B785E5A8E}.Debug|x86.ActiveCfg = Debug|Win32
		{E0B52AE7-E160-4D32-BF3F-910B785E5A8E}.Debug|x86.Build.0 = Debug|Win32
		{E0B52AE7-E160-4D32-BF3F-910B785E5A8E}.Release|x64.ActiveCfg = Release|x64
		{E0B52AE7-E160-4D32-BF3F-910B785E5A8E}.Release|x64.Build.0 = Release|x64
		{E0B52AE7-E160-4D32-BF3F-910B785E5A8E}.Release|x86.ActiveCfg = Release|Win32
		{E0B52AE7-E160-4D32-BF3F-910B785E5A8E}.Release|x86.Build.0 = Release|Win32
		{00F7F70B-748E-4048-8A98-C2520C5736FE}.Debug|x64.ActiveCfg = Debug|x64
		{00F7F70B-748E-4048-8A98-C2520C5736FE}.Debug|x64.Build.0 = Debug|x64
		{00F7F70B-748E-4048-8A98-C2520C5736FE}.Debug|x86.ActiveCfg = Debug|Win32
		{00F7F70B-748E-4048-8A98-C2520C5736FE}.Debug|x86.Build.0 = Debug|Win32
		{00F7F70B-748E-4048-8A98-C2520C5736FE}.Release|x64.ActiveCfg = Release|x64
		{00F7F70B-748E-4048-8A98-C2520C5736FE}.Release|x64.Build.0 = Release|x64
		{00F7F70B-748E-4048-8A98-C2520C5736FE}.Release|x86.ActiveCfg = Release|Win32
		{00F7F70B-748E-4048-8A98-C2520C5736FE}.Release|x86.Build.0 = Release|Win32
		{DAF26EAA-52C7-4BE2-80DD-094E5F5AB23C}.Debug|x64.ActiveCfg = Debug|x64
		{DAF26EAA-52C7-4BE2-80DD-094E5F5AB23C}.Debug|x64.Build.0 = Debug|x64
		{DAF26EAA-52C7-4BE2-80DD-094E5F5AB23C}.Debug|x86.ActiveCfg = Debug|Win32
		{DAF26EAA-52C7-4BE2-80DD-094E5F5AB23C}.Debug|x86.Build.0 = Debug|Win32
		{DAF26EAA-52C7-4BE2-80DD-094E5F5AB23C}.Release|x64.ActiveCfg = Release|x64
		{DAF26EAA-52C7-4BE2-80DD-094E5F5AB23C}.Release|x64.Build.0 = Release|x64
		{DAF26EAA-52C7-4BE2-80DD-094E5F5AB23C}.Release|x86.ActiveCfg = Release|Win32
		{DAF26EAA-52C7-4BE2-80DD-094E5F5AB23C}.Release|x86.Build.0 = Release|Win32
		{3629F01A-6FED-42EB-B308-E9F7F1346EAF}.Debug|x64.ActiveCfg = Debug|x64
		{3629F01A-6FED-42EB-B308-E9F7F1346EAF}.Debug|x64.Build.0 = Debug|x64
		{3629F01A-6FED-42EB-B308-E9F7F1346EAF}.Debug|x86.ActiveCfg = Debug|Win32
		{3629F01A-6FED-42EB-B308-E9F7F1346EAF}.Debug|x86.Build.0 = Debug|Win32
		{3629F01A-6FED-42EB-B308-E9F7F1346EAF}.Release|x64.ActiveCfg = Release|x64
		{3629F01A-6FED-42EB-B308-E9F7F1346EAF}.Release|x64.Build.0 = Release|x64
		{3629F01A-6FED-42EB-B308-E9F7F1346EAF}.Release|x86.ActiveCfg = Release|Win32
		{3629F01A-6FED-42EB-B308-E9F7F1346EAF}.Release|x86.Build.0 = Release|Win32
		{CCED8FF8-4EEE-4B0C-AFB0-D87EF4D2A099}.Debug|x64.ActiveCfg = Debug|x64
		{CCED8FF8-4EEE-4B0C-AFB0-D87EF4D2A099}.Debug|x64.Build.0 = Debug|x64
		{CCED8FF8-4EEE-4B0C-AFB0-D87EF4D2A099}.Debug|x86.ActiveCfg = Debug|Win32
		{CCED8FF8-4EEE-4B0C-AFB0-D87EF4D2A099}.Debug|x86.Build.0 = Debug|Win32
		{CCED8FF8-4EEE-4B0C-AFB0-D87EF4D2A099}.Release|x64.ActiveCfg = Release|x64
		{CCED8FF8-4EEE-4B0C-AFB0-D87EF4D2A099}.Release|x64.Build.0 = Release|x64
		{CCED8FF8-4EEE-4B0C-AFB0-D87EF4D2A099}.Release|x86.ActiveCfg = Release|Win32
		{CCED8FF8-4EEE-4B0C-AFB0-D87EF4D2A099}.Release|x86.Build.0 = Release|Win32
		{FBF5E699-B58F-4B58-8C63-51522DC2E673}.Debug|x64.ActiveCfg = Debug|x64
		{FBF5E699-B58F-4B58-8C63-51522DC2E673}.Debug|x64.Build.0 = Debug|x64
		{FBF5E699-B58F-4B58-8C63-51522DC2E673}.Debug|x86.ActiveCfg = Debug|Win32
		{FBF5E699-B58F-4B58-8C63-51522DC2E673}.Debug|x86.Build.0 = Debug|Win32
		{FBF5E699-B58F-4B58-8C63-51522DC2E673}.Release|x64.ActiveCfg = Release|x64
		{FBF5E699-B58F-4B58-8C63-51522DC2E673}.Release|x64.Build.0 = Release|x64
		{FBF5E699-B58F-4B58-8C63-51522DC2E673}.Release|x86.ActiveCfg = Release|Win32
		{FBF5E699-B58F-4B58-8C63-51522DC2E673}.Release|x86.Build.0 = Release|Win32
		{180DDD13-B8D9-4F03-A813-9B180B05A851}.Debug|x64.ActiveCfg = Debug|x64
		{180DDD13-B8D9-4F03-A813-9B180B05A851}.Debug|x64.Build.0 = Debug|x64
		{180DDD13-B8D9-4F03-A813-9B180B05A851}.Debug|x86.ActiveCfg = Debug|Win32
		{180DDD13-B8D9-4F03-A813-9B180B05A851}.Debug|x86.Build.0 = Debug|Win32
		{180DDD13-B8D9-4F03-A813-9B180B05A851}.Release|x64.ActiveCfg = Release|x64
		{180DDD13-B8D9-4F03-A813-9B180B05A851}.Release|x64.Build.0 = Release|x64
		{180DDD13-B8D9-4F03-A813-9B180B05A851}.Release|x86.ActiveCfg = Release|Win32
		{180DDD13-B8D9-4F03-A813-9B180B05A851}.Release|x86.Build.0 = Release|Win32
		{52D656A2-A2F4-4C54-A3C7-653427BED1E8}.Debug|x64.ActiveCfg = Debug|x64
		{52D656A2-A2F4-4C54-A3C7-653427BED1E8}.Debug|x64.Build.0 = Debug|x64
		{52D656A2-A2F4-4C54-A3C7-653427BED1E8}.Debug|x86.ActiveCfg = Debug|Win32
		{52D656A2-A2F4-4C54-A3C7-653427BED1E8}.Debug|x86.Build.0 = Debug|Win32
		{52D656A2-A2F4-4C54-A3C7-653427BED1E8}.Release|x64.ActiveCfg = Release|x64
		{52D656A2-A2F4-4C54-A3C7-653427BED1E8}.Release|x64.Build.0 = Release|x64
		{52D656A2-A2F4-4C54-A3C7-653427BED1E8}.Release|x86.ActiveCfg = Release|Win32
		{52D656A2-A2F4-4C54-A3C7-653427BED1E8}.Release|x86.Build.0 = Release|Win32
		{0D5C0360-19CF-473E-8C27-5A447869463C}.Debug|x64.ActiveCfg = Debug|x64
		{0D5C0360-19CF-473E-8C27-5A447869463C}.Debug|x64.Build.0 = Debug|x64
		{0D5C0360-19CF-473E-8C27-5A447869463C}.Debug|x86.ActiveCfg = Debug|Win32
		{0D5C0360-19CF-473E-8C27-5A447869463C}.Debug|x86.Build.0 = Debug|Win32
		{0D5C0360-19CF-473E-8C27-5A447869463C}.Release|x64.ActiveCfg = Release|x64
		{0D5C0360-19CF-473E-8C27-5A447869463C}.Release|x64.Build.0 = Release|x64
		{0D5C0360-19CF-473E-8C27-5A447869463C}.Release|x86.ActiveCfg = Release|Win32
		{0D5C0360-19CF-473E-8C27-5A447869463C}.Release|x86.Build.0 = Release|Win32
		{B091AE59-2FBB-4203-8925-9F58E075D5B8}.Debug|x64.ActiveCfg = Debug|x64
		{B091AE59-2FBB-4203-8925-9F58E075D5B8}.Debug|x64.Build.0 = Debug|x64
		{B091AE59-2FBB-4203-8925-9F58E075D5B8}.Debug|x86.ActiveCfg = Debug|Win32
		{B091AE59-2FBB-4203-8925-9F58E075D5B8}.Debug|x86.Build.0 = Debug|Win32
		{B091AE59-2FBB-4203-8925-9F58E075D5B8}.Release|x64.ActiveCfg = Release|x64
		{B091AE59-2FBB-4203-8925-9F58E075D5B8}.Release|x64.Build.0 = Release|x64
		{B091AE59-2FBB-4203-8925-9F58E075D5B8}.Release|x86.ActiveCfg = Release|Win32
		{B091AE59-2FBB-4203-8925-9F58E075D5B8}.Release|x86.Build.0 = Release|Win32
		{D2C1EF5E-1767-4B6A-A28E-966D7AFE454F}.Debug|x64.ActiveCfg = Debug|x64
		{D2C1EF5E-1767-4B6A-A28E-966D7AFE454F}.Debug|x64.Build.0 = Debug|x64
		{D2C1EF5E-1767-4B6A-A28E-966D7AFE454F}.Debug|x86.ActiveCfg = Debug|Win32
		{D2C1EF5E-1767-4B6A-A28E-966D7AFE454F}.Debug|x86.Build.0 = Debug|Win32
		{D2C1EF5E-1767-4B6A-A28E-966D7AFE454F}.Release|x64.ActiveCfg = Release|x64
		{D2C1EF5E-1767-4B6A-A28E-966D7AFE454F}.Release|x64.Build.0 = Release|x64
		{D2C1EF5E-1767-4B6A-A28E-966D7AFE454F}.Release|x86.ActiveCfg = Release|Win32
		{D2C1EF5E-1767-4B6A-A28E-966D7AFE454F}.Release|x86.Build.0 = Release|Win32
		{DE49E296-5B82-4DA3-821C-F9CA81C5F87B}.Debug|x64.ActiveCfg = Debug|x64
		{DE49E296-5B82-4DA3-821C-F9CA81C5F87B}.Debug|x64.Build.0 = Debug|x64
		{DE49E296-5B82-4DA3-821C-F9CA81C5F87B}.Debug|x86.ActiveCfg = Debug|Win32
		{DE49E296-5B82-4DA3-821C-F9CA81C5F87B}.Debug|x86.Build.0 = Debug|Win32
		{DE49E296-5B82-4DA3-821C-F9CA81C5F87B}.Release|x64.ActiveCfg = Release|x64
		{DE49E296-5B82-4DA3-821C-F9CA81C5F87B}.Release|x64.Build.0 = Release|x64
		{DE49E296-5B82-4DA3-821C-F9CA81C5F87B}.Release|x86.ActiveCfg = Release|Win32
		{DE49E296-5B82-4DA3-821C-F9CA81C5F87B}.Release|x86.Build.0 = Release|Win32
		{40CFAEF3-6BBC-4FA9-BC4C-EE348A062BA9}.Debug|x64.ActiveCfg = Debug|x64
		{40CFAEF3-6BBC-4FA9-BC4C-EE348A062BA9}.Debug|x64.Build.0 = Debug|x64
		{40CFAEF3-6BBC-4FA9-BC4C-EE348A062BA9}.Debug|x86.ActiveCfg = Debug|Win32
		{40CFAEF3-6BBC-4FA9-BC4C-EE348A062BA9}.Debug|x86.Build.0 = Debug|Win32
		{40CFAEF3-6BBC-4FA9-BC4C-EE348A062BA9}.Release|x64.ActiveCfg = Release|x64
		{40CFAEF3-6BBC-4FA9-BC4C-EE348A062BA9}.Release|x64.Build.0 = Release|x64
		{40CFAEF3-6BBC-4FA9-BC4C-EE348A062BA9}.Release|x86.ActiveCfg = Release|Win32
		{40CFAEF3-6BBC-4FA9-BC4C-EE348A062BA9}.Release|x86.Build.0 = Release|Win32
		{36246827-9E8E-4AB2-8EAC-2FCB09B8DA48}.Debug|x64.ActiveCfg = Debug|x64
		{36246827-9E8E-4AB2-8EAC-2FCB09B8DA48}.Debug|x64.Build.0 = Debug|x64
		{36246827-9E8E-4AB2-8EAC-2FCB09B8DA48}.Debug|x86.ActiveCfg = Debug|Win32
		{36246827-9E8E-4AB2-8EAC-2FCB09B8DA48}.Debug|x86.Build.0 = Debug|Win32
		{36246827-9E8E-4AB2-8EAC-2FCB09B8DA48}.Release|x64.ActiveCfg = Release|x64
		{36246827-9E8E-4AB2-8EAC-2FCB09B8DA48}.Release|x64.Build.0 = Release|x64
		{36246827-9E8E-4AB2-8EAC-2FCB09B8DA48}.Release|x86.ActiveCfg = Release|Win32
		{36246827-9E8E-4AB2-8EAC-2FCB09B8DA48}.Release|x86.Build.0 = Release|Win32
		{ED865493-8BC7-43B0-9A9A-F9539C0B1DA1}.Debug|x64.ActiveCfg = Debug|x64
		{ED865493-8BC7-43B0-9A9A-F9539C0B1DA1}.Debug|x64.Build.0 = Debug|x64
		{ED865493-8BC7-43B0-9A9A-F9539C0B1DA1}.Debug|x86.ActiveCfg = Debug|Win32
		{ED865493-8BC7-43B0-9A9A-F9539C0B1DA1}.Debug|x86.Build.0 = Debug|Win32
		{ED865493-8BC7-43B0-9A9A-F9539C0B1DA1}.Release|x64.ActiveCfg = Release|x64
		{ED865493-8BC7-43B0-9A9A-F9539C0B1DA1}.Release|x64.Build.0 = Release|x64
		{ED865493-8BC7-43B0-9A9A-F9539C0B1DA1}.Release|x86.ActiveCfg = Release|Win32
		{ED865493-8BC7-43B0-9A9A-F9539C0B1DA1}.Release|x86.Build.0 = Release|Win32
		{41AA139A-52C9-404D-AE94-424E41EA2826}.Debug|x64.ActiveCfg = Debug|x64
		{41AA139A-52C9-404D-AE94-424E41EA2826}.Debug|x64.Build.0 = Debug|x64
		{41AA139A-52C9-404D-AE94-424E41EA2826}.Debug|x86.ActiveCfg = Debug|Win32
		{41AA139A-52C9-404D-AE94-424E41EA2826}.Debug|x86.Build.0 = Debug|Win32
		{41AA139A-52C9-404D-AE94-424E41EA2826}.Release|x64.ActiveCfg = Release|x64
		{41AA139A-52C9-404D-AE94-424E41EA2826}.Release|x64.Build.0 = Release|x64
		{41AA139A-52C9-404D-AE94-424E41EA2826}.Release|x86.ActiveCfg = Release|Win32
		{41AA139A-52C9-404D-AE94-424E41EA2826}.Release|x86.Build.0 = Release|Win32
		{1DE6D571-F6D0-48A9-B99D-9BA8E284564C}.Debug|x64.ActiveCfg = Debug|x64
		{1DE6D571-F6D0-48A9-B99D-9BA8E284564C}.Debug|x64.Build.0 = Debug|x64
		{1DE6D571-F6D0-48A9-B99D-9BA8E284564C}.Debug|x86.ActiveCfg = Debug|Win32
		{1DE6D571-F6D0-48A9-B99D-9BA8E284564C}.Debug|x86.Build.0 = Debug|Win32
		{1DE6D571-F6D0-48A9-B99D-9BA8E284564C}.Release|x64.ActiveCfg = Release|x64
		{1DE6D571-F6D0-48A9-B99D-9BA8E284564C}.Release|x64.Build.0 = Release|x64
		{1DE6D571-F6D0-48A9-B99D-9BA8E284564C}.Release|x86.ActiveCfg = Release|Win32
		{1DE6D571-F6D0-48A9-B99D-9BA8E284564C}.Release|x86.Build.0 = Release|Win32
		{632D572D-B520-4205-A31A-151C45565A29}.Debug|x64.ActiveCfg = Debug|x64
		{632D572D-B520-4205-A31A-151C45565A29}.Debug|x64.Build.0 = Debug|x64
		{632D572D-B520-4205-A31A-151C45565A29}.Debug|x86.ActiveCfg = Debug|Win32
		{632D572D-B520-4205-A31A-151C45565A29}.Debug|x86.Build.0 = Debug|Win32
		{632D572D-B520-4205-A31A-151C45565A29}.Release|x64.ActiveCfg = Release|x64
		{632D572D-B520-4205-A31A-151C45565A29}.Release|x64.Build.0 = Release|x64
		{632D572D-B520-4205-A31A-151C45565A29}.Release|x86.ActiveCfg = Release|Win32
		{632D572D-B520-4205-A31A-151C45565A29}.Release|x86.Build.0 = Release|Win32
		{FDFB80F7-68CC-482B-91CF-CC6B9E962A52}.Debug|x64.ActiveCfg = Debug|x64
		{FDFB80F7-68CC-482B-91CF-CC6B9E962A52}.Debug|x64.Build.0 = Debug|x64
		{FDFB80F7-68CC-482B-91CF-CC6B9E962A52}.Debug|x86.ActiveCfg = Debug|Win32
		{FDFB80F7-68CC-482B-91CF-CC6B9E962A52}.Debug|x86.Build.0 = Debug|Win32
		{FDFB80F7-68CC-482B-91CF-CC6B9E962A52}.Release|x64.ActiveCfg = Release|x64
		{FDFB80F7-68CC-482B-91CF-CC6B9E962A52}.Release|x64.Build.0 = Release|x64
		{FDFB80F7-68CC-482B-91CF-CC6B9E962A52}.Release|x86.ActiveCfg = Release|Win32
		{FDFB80F7-68CC-482B-91CF-CC6B9E962A52}.Release|x86.Build.0 = Release|Win32
		{4351FFAC-BFC8-4B28-8E76-D94679B6F375}.Debug|x64.ActiveCfg = Debug|x64
		{4351FFAC-BFC8-4B28-8E76-D94679B6F375}.Debug|x64.Build.0 = Debug|x64
		{4351FFAC-BFC8-4B28-8E76-D94679B6F375}.Debug|x86.ActiveCfg = Debug|Win32
		{4351FFAC-BFC8-4B28-8E76-D94679B6F375}.Debug|x86.Build.0 = Debug|Win32
		{4351FFAC-BFC8-4B28-8E76-D94679B6F375}.Release|x64.ActiveCfg = Release|x64
		{4351FFAC-BFC8-4B28-8E76-D94679B6F375}.Release|x64.Build.0 = Release|x64
		{4351FFAC-BFC8-4B28-8E76-D94679B6F375}.Release|x86.ActiveCfg = Release|Win32
		{4351FFAC-BFC8-4B28-8E76-D94679B6F375}.Release|x86.Build.0 = Release|Win32
		{547A66EA-DC01-423B-BAF4-A13A4C1757A4}.Debug|x64.ActiveCfg = Debug|x64
		{547A66EA-DC01-423B-BAF4-A13A4C1757A4}.Debug|x64.Build.0 = Debug|x64
		{547A66EA-DC01-423B-BAF4-A13A4C1757A4}.Debug|x86.ActiveCfg = Debug|Win32
		{547A66EA-DC01-423B-BAF4-A13A4C1757A4}.Debug|x86.Build.0 = Debug|Win32
		{547A66EA-DC01-423B-BAF4-A13A4C1757A4}.Release|x64.ActiveCfg = Release|x64
		{547A66EA-DC01-423B-BAF4-A13A4C1757A4}.Release|x64.Build.0 = Release|x64
		{547A66EA-DC01-423B-BAF4-A13A4C1757A4}.Release|x86.ActiveCfg = Release|Win32
		{547A66EA-DC01-423B-BAF4-A13A4C1757A4}.Release|x86.Build.0 = Release|Win32
		{7C4AAC1A-56E9-49FE-8C95-0190F1499F46}.Debug|x64.ActiveCfg = Debug|x64
		{7C4AAC1A-56E9-49FE-8C95-0190F1499F46}.Debug|x64.Build.0 = Debug|x64
		{7C4AAC1A-56E9-49FE-8C95-0190F1499F46}.Debug|x86.ActiveCfg = Debug|Win32
		{7C4AAC1A-56E9-49FE-8C95-0190F1499F46}.Debug|x86.Build.0 = Debug|Win32
		{7C4AAC1A-56E9-49FE-8C95-0190F1499F46}.Release|x64.ActiveCfg = Release|x64
		{7C4AAC1A-56E9-49FE-8C95-0190F1499F46}.Release|x64.Build.0 = Release|x64
		{7C4AAC1A-56E9-49FE-8C95-0190F1499F46}.Release|x86.ActiveCfg = Release|Win32
		{7C4AAC1A-56E9-49FE-8C95-0190F1499F46}.Release|x86.Build.0 = Release|Win32
		{62B62E72-C41D-4EC6-BA0B-DBD24859F053}.Debug|x64.ActiveCfg = Debug|x64
		{62B62E72-C41D-4EC6-BA0B-DBD24859F053}.Debug|x64.Build.0 = Debug|x64
		{62B62E72-C41D-4EC6-BA0B-DBD24859F053}.Debug|x86.ActiveCfg = Debug|Win32
		{62B62E72-C41D-4EC6-BA0B-DBD24859F053}.Debug|x86.Build.0 = Debug|Win32
		{62B62E72-C41D-4EC6-BA0B-DBD24859F053}.Release|x64.ActiveCfg = Release|x64
		{62B62E72-C41D-4EC6-BA0B-DBD24859F053}.Release|x64.Build.0 = Release|x64
		{62B62E72-C41D-4EC6-BA0B-DBD24859F053}.Release|x86.ActiveCfg = Release|Win32
		{62B62E72-C41D-4EC6-BA0B-DBD24859F053}.Release|x86.Build.0 = Release|Win32
		{4258E59E-B96C-4B98-8200-9A13CE6BA0F7}.Debug|x64.ActiveCfg = Debug|x64
		{4258E59E-B96C-4B98-8200-9A13CE6BA0F7}.Debug|x64.Build.0 = Debug|x64
		{4258E59E-B96C-4B98-8200-9A13CE6BA0F7}.Debug|x86.ActiveCfg = Debug|Win32
		{4258E59E-B96C-4B98-8200-9A13CE6BA0F7}.Debug|x86.Build.0 = Debug|Win32
		{4258E59E-B96C-4B98-8200-9A13CE6BA0F7}.Release|x64.ActiveCfg = Release|x64
		{4258E59E-B96C-4B98-8200-9A13CE6BA0F7}.Release|x64.Build.0 = Release|x64
		{4258E59E-B96C-4B98-8200-9A13CE6BA0F7}.Release|x86.ActiveCfg = Release|Win32
		{4258E59E-B96C-4B98-8200-9A13CE6BA0F7}.Release|x86.Build.0 = Release|Win32
		{516192EB-788A-4FE7-B2B7-2EF9AC036B12}.Debug|x64.ActiveCfg = Debug|x64
		{516192EB-788A-4FE7-B2B7-2EF9AC036B12}.Debug|x64.Build.0 = Debug|x64
		{516192EB-788A-4FE7-B2B7-2EF9AC036B12}.Debug|x86.ActiveCfg = Debug|Win32
		{516192EB-788A-4FE7-B2B7-2EF9AC036B12}.Debug|x86.Build.0 = Debug|Win32
		{516192EB-788A-4FE7-B2B7-2EF9AC036B12}.Release|x64.ActiveCfg = Release|x64
		{516192EB-788A-4FE7-B2B7-2EF9AC036B12}.Release|x64.Build.0 = Release|x64
		{516192EB-788A-4FE7-B2B7-2EF9AC036B12}.Release|x86.ActiveCfg = Release|Win32
		{516192EB-788A-4FE7-B2B7-2EF9AC036B12}.Release|x86.Build.0 = Release|Win32
		{F8CDDB4B-5E6A-45D2-ACE9-B631024B9A46}.Debug|x64.ActiveCfg = Debug|x64
		{F8CDDB4B-5E6A-45D2-ACE9-B631024B9A46}.Debug|x64.Build.0 = Debug|x64
		{F8CDDB4B-5E6A-45D2-ACE9-B631024B9A46}.Debug|x86.ActiveCfg = Debug|Win32
		{F8CDDB4B-5E6A-45D2-ACE9-B631024B9A46}.Debug|x86.Build.0 = Debug|Win32
		{F8CDDB4B-5E6A-45D2-ACE9-B631024B9A46}.Release|x64.ActiveCfg = Release|x64
		{F8CDDB4B-5E6A-45D2-ACE9-B631024B9A46}.Release|x64.Build.0 = Release|x64
		{F8CDDB4B-5E6A-45D2-ACE9-B631024B9A46}.Release|x86.ActiveCfg = Release|Win32
		{F8CDDB4B-5E6A-45D2-ACE9-B631024B9A46}.Release|x86.Build.0 = Release|Win32
		{EFF1DB9A-DE45-4426-87B4-5DE69094403F}.Debug|x64.ActiveCfg = Debug|x64
		{EFF1DB9A-DE45-4426-87B4-5DE69094403F}.Debug|x64.Build.0 = Debug|x64
		{EFF1DB9A-DE45-4426-87B4-5DE69094403F}.Debug|x86.ActiveCfg = Debug|Win32
		{EFF1DB9A-DE45-4426-87B4-5DE69094403F}.Debug|x86.Build.0 = Debug|Win32
		{EFF1DB9A-DE45-4426-87B4-5DE69094403F}.Release|x64.ActiveCfg = Release|x64
		{EFF1DB9A-DE45-4426-87B4-5DE69094403F}.Release|x64.Build.0 = Release|x64
		{EFF1DB9A-DE45-4426-87B4-5DE69094403F}.Release|x86.ActiveCfg = Release|Win32
		{EFF1DB9A-DE45-4426-87B4-5DE69094403F}.Release|x86.Build.0 = Release|Win32
		{347F76F1-FA3D-4A8B-89AE-94619E4BB9C0}.Debug|x64.ActiveCfg = Debug|x64
		{347F76F1-FA3D-4A8B-89AE-94619E4BB9C0}.Debug|x64.Build.0 = Debug|x64
		{347F76F1-FA3D-4A8B-89AE-94619E4BB9C0}.Debug|x86.ActiveCfg = Debug|Win32
		{347F76F1-FA3D-4A8B-89AE-94619E4BB9C0}.Debug|x86.Build.0 = Debug|Win32
		{347F76F1-FA3D-4A8B-89AE-94619E4BB9C0}.Release|x64.ActiveCfg = Release|x64
		{347F76F1-FA3D-4A8B-89AE-94619E4BB9C0}.Release|x64.Build.0 = Release|x64
		{347F76F1-FA3D-4A8B-89AE-94619E4BB9C0}.Release|x86.ActiveCfg = Release|Win32
		{347F76F1-FA3D-4A8B-89AE-94619E4BB9C0}.Release|x86.Build.0 = Release|Win32
		{BDC8263C-C1B1-4479-B987-8AC1E92C8A3C}.Debug|x64.ActiveCfg = Debug|x64
		{BDC8263C-C1B1-4479-B987-8AC1E92C8A3C}.Debug|x64.Build.0 = Debug|x64
		{BDC8263C-C1B1-4479-B987-8AC1E92C8A3C}.Debug|x86.ActiveCfg = Debug|Win32
		{BDC8263C-C1B1-4479-B987-8AC1E92C8A3C}.Debug|x86.Build.0 = Debug|Win32
		{BDC8263C-C1B1-4479-B987-8AC1E92C8A3C}.Release|x64.ActiveCfg = Release|x64
		{BDC8263C-C1B1-4479-B987-8AC1E92C8A3C}.Release|x64.Build.0 = Release|x64
		{BDC8263C-C1B1-4479-B987-8AC1E92C8A3C}.Release|x86.ActiveCfg = Release|Win32
		{BDC8263C-C1B1-4479-B987-8AC1E92C8A3C}.Release|x86.Build.0 = Release|Win32
		{3A679D91-1AD4-4AAD-8B78-62FDDD05B6AF}.Debug|x64.ActiveCfg = Debug|x64
		{3A679D91-1AD4-4AAD-8B78-62FDDD05B6AF}.Debug|x64.Build.0 = Debug|x64
		{3A679D91-1AD4-4AAD-8B78-62FDDD05B6AF}.Debug|x86.ActiveCfg = Debug|Win32
		{3A679D91-1AD4-4AAD-8B78-62FDDD05B6AF}.Debug|x86.Build.0 = Debug|Win32
		{3A679D91-1AD4-4AAD-8B78-62FDDD05B6AF}.Release|x64.ActiveCfg = Release|x64
		{3A679D91-1AD4-4AAD-8B78-62FDDD05B6AF}.Release|x64.Build.0 = Release|x64
		{3A679D91-1AD4-4AAD-8B78-62FDDD05B6AF}.Release|x86.ActiveCfg = Release|Win32
		{3A679D91-1AD4-4AAD-8B78-62FDDD05B6AF}.Release|x86.Build.0 = Release|Win32
		{25C62776-EF57-46A0-894A-6EA8ED7CA3A3}.Debug|x64.ActiveCfg = Debug|x64
		{25C62776-EF57-46A0-894A-6EA8ED7CA3A3}.Debug|x64.Build.0 = Debug|x64
		{25C62776-EF57-46A0-894A-6EA8ED7CA3A3}.Debug|x86.ActiveCfg = Debug|Win32
		{25C62776-EF57-46A0-894A-6EA8ED7CA3A3}.Debug|x86.Build.0 = Debug|Win32
		{25C62776-EF57-46A0-894A-6EA8ED7CA3A3}.Release|x64.ActiveCfg = Release|x64
		{25C62776-EF57-46A0-894A-6EA8ED7CA3A3}.Release|x64.Build.0 = Release|x64
		{25C62776-EF57-46A0-894A-6EA8ED7CA3A3}.Release|x86.ActiveCfg = Release|Win32
		{25C62776-EF57-46A0-894A-6EA8ED7CA3A3}.Release|x86.Build.0 = Release|Win32
		{4F150A30-CECB-49D1-8283-6A3F57438CF5}.Debug|x64.ActiveCfg = Debug|x64
		{4F150A30-CECB-49D1-8283-6A3F57438CF5}.Debug|x64.Build.0 = Debug|x64
		{4F150A30-CECB-49D1-8283-6A3F57438CF5}.Debug|x86.ActiveCfg = Debug|Win32
		{4F150A30-CECB-49D1-8283-6A3F57438CF5}.Debug|x86.Build.0 = Debug|Win32
		{4F150A30-CECB-49D1-8283-6A3F57438CF5}.Release|x64.ActiveCfg = Release|x64
		{4F150A30-CECB-49D1-8283-6A3F57438CF5}.Release|x64.Build.0 = Release|x64
		{4F150A30-CECB-49D1-8283-6A3F57438CF5}.Release|x86.ActiveCfg = Release|Win32
		{4F150A30-CECB-49D1-8283-6A3F57438CF5}.Release|x86.Build.0 = Release|Win32
		{9B3B2B56-5264-4ED6-9FC5-2FA9CCC2B55A}.Debug|x64.ActiveCfg = Debug|x64
		{9B3B2B56-5264-4ED6-9FC5-2FA9CCC2B55A}.Debug|x64.Build.0 = Debug|x64
		{9B3B2B56-5264-4ED6-9FC5-2FA9CCC2B55A}.Debug|x86.ActiveCfg = Debug|Win32
		{9B3B2B56-5264-4ED6-9FC5-2FA9CCC2B55A}.Debug|x86.Build.0 = Debug|Win32
		{9B3B2B56-5264-4ED6-9FC5-2FA9CCC2B55A}.Release|x64.ActiveCfg = Release|x64
		{9B3B2B56-5264-4ED6-9FC5-2FA9CCC2B55A}.Release|x64.Build.0 = Release|x64
		{9B3B2B56-5264-4ED6-9FC5-2FA9CCC2B55A}.Release|x86.ActiveCfg = Release|Win32
		{9B3B2B56-5264-4ED6-9FC5-2FA9CCC2B55A}.Release|x86.Build.0 = Release|Win32
		{3B1418B7-6170-4BFF-84ED-9BB4837CF8AA}.Debug|x64.ActiveCfg = Debug|x64
		{3B1418B7-6170-4BFF-84ED-9BB4837CF8AA}.Debug|x64.Build.0 = Debug|x64
		{3B1418B7-6170-4BFF-84ED-9BB4837CF8AA}.Debug|x86.ActiveCfg = Debug|Win32
		{3B1418B7-6170-4BFF-84ED-9BB4837CF8AA}.Debug|x86.Build.0 = Debug|Win32
		{3B1418B7-6170-4BFF-84ED-9BB4837CF8AA}.Release|x64.ActiveCfg = Release|x64
		{3B1418B7-6170-4BFF-84ED-9BB4837CF8AA}.Release|x64.Build.0 = Release|x64
		{3B1418B7-6170-4BFF-84ED-9BB4837CF8AA}.Release|x86.ActiveCfg = Release|Win32
		{3B1418B7-6170-4BFF-84ED-9BB4837CF8AA}.Release|x86.Build.0 = Release|Win32
	EndGlobalSection
	GlobalSection(SolutionProperties) = preSolution
		HideSolutionNode = FALSE
	EndGlobalSection
	GlobalSection(NestedProjects) = preSolution
		{DDF5399B-E800-4FAA-BBBB-4E31641DC351} = {A0644E8D-6DBF-4BE9-96E2-9C6191F50163}
		{3F565230-DA30-4BA1-8C25-81D8AFF0C8B4} = {CF1B17E5-4445-4BEF-A501-FA6CB0976ABC}
		{C8B15174-9001-409A-B2A7-885284A43179} = {39387489-FC4A-4845-B204-3C51CD874896}
		{E0B52AE7-E160-4D32-BF3F-910B785E5A8E} = {941CE311-AD00-4010-8290-BFB112F42C17}
		{00F7F70B-748E-4048-8A98-C2520C5736FE} = {A0644E8D-6DBF-4BE9-96E2-9C6191F50163}
		{DAF26EAA-52C7-4BE2-80DD-094E5F5AB23C} = {A0644E8D-6DBF-4BE9-96E2-9C6191F50163}
		{3629F01A-6FED-42EB-B308-E9F7F1346EAF} = {A0644E8D-6DBF-4BE9-96E2-9C6191F50163}
		{CCED8FF8-4EEE-4B0C-AFB0-D87EF4D2A099} = {CF1B17E5-4445-4BEF-A501-FA6CB0976ABC}
		{CDE1A635-5C98-4532-9AC5-E4FBC8B04CEF} = {719BE7DA-133C-4931-AA01-1F515E42B26E}
		{FBF5E699-B58F-4B58-8C63-51522DC2E673} = {CF1B17E5-4445-4BEF-A501-FA6CB0976ABC}
		{180DDD13-B8D9-4F03-A813-9B180B05A851} = {CF1B17E5-4445-4BEF-A501-FA6CB0976ABC}
		{52D656A2-A2F4-4C54-A3C7-653427BED1E8} = {941CE311-AD00-4010-8290-BFB112F42C17}
		{0D5C0360-19CF-473E-8C27-5A447869463C} = {CF1B17E5-4445-4BEF-A501-FA6CB0976ABC}
		{B091AE59-2FBB-4203-8925-9F58E075D5B8} = {CF1B17E5-4445-4BEF-A501-FA6CB0976ABC}
		{D2C1EF5E-1767-4B6A-A28E-966D7AFE454F} = {CF1B17E5-4445-4BEF-A501-FA6CB0976ABC}
		{DE49E296-5B82-4DA3-821C-F9CA81C5F87B} = {9240C2C1-045A-4113-93B3-E928F5DECB11}
		{40CFAEF3-6BBC-4FA9-BC4C-EE348A062BA9} = {9240C2C1-045A-4113-93B3-E928F5DECB11}
		{36246827-9E8E-4AB2-8EAC-2FCB09B8DA48} = {F4579BBF-48C6-4FD6-BC9B-064B5D962CCA}
		{ED865493-8BC7-43B0-9A9A-F9539C0B1DA1} = {9240C2C1-045A-4113-93B3-E928F5DECB11}
		{41AA139A-52C9-404D-AE94-424E41EA2826} = {9240C2C1-045A-4113-93B3-E928F5DECB11}
		{1DE6D571-F6D0-48A9-B99D-9BA8E284564C} = {9240C2C1-045A-4113-93B3-E928F5DECB11}
		{632D572D-B520-4205-A31A-151C45565A29} = {9240C2C1-045A-4113-93B3-E928F5DECB11}
		{FDFB80F7-68CC-482B-91CF-CC6B9E962A52} = {9240C2C1-045A-4113-93B3-E928F5DECB11}
		{4351FFAC-BFC8-4B28-8E76-D94679B6F375} = {9240C2C1-045A-4113-93B3-E928F5DECB11}
		{547A66EA-DC01-423B-BAF4-A13A4C1757A4} = {9240C2C1-045A-4113-93B3-E928F5DECB11}
		{7C4AAC1A-56E9-49FE-8C95-0190F1499F46} = {F1058072-2549-4BA2-A166-F70A40B6DFC5}
		{62B62E72-C41D-4EC6-BA0B-DBD24859F053} = {F1058072-2549-4BA2-A166-F70A40B6DFC5}
		{4258E59E-B96C-4B98-8200-9A13CE6BA0F7} = {F1058072-2549-4BA2-A166-F70A40B6DFC5}
		{516192EB-788A-4FE7-B2B7-2EF9AC036B12} = {941CE311-AD00-4010-8290-BFB112F42C17}
		{F8CDDB4B-5E6A-45D2-ACE9-B631024B9A46} = {A0644E8D-6DBF-4BE9-96E2-9C6191F50163}
		{EFF1DB9A-DE45-4426-87B4-5DE69094403F} = {F1058072-2549-4BA2-A166-F70A40B6DFC5}
		{347F76F1-FA3D-4A8B-89AE-94619E4BB9C0} = {F1058072-2549-4BA2-A166-F70A40B6DFC5}
		{BDC8263C-C1B1-4479-B987-8AC1E92C8A3C} = {F1058072-2549-4BA2-A166-F70A40B6DFC5}
		{3A679D91-1AD4-4AAD-8B78-62FDDD05B6AF} = {F1058072-2549-4BA2-A166-F70A40B6DFC5}
		{25C62776-EF57-46A0-894A-6EA8ED7CA3A3} = {A0644E8D-6DBF-4BE9-96E2-9C6191F50163}
		{4F150A30-CECB-49D1-8283-6A3F57438CF5} = {941CE311-AD00-4010-8290-BFB112F42C17}
		{9B3B2B56-5264-4ED6-9FC5-2FA9CCC2B55A} = {F1058072-2549-4BA2-A166-F70A40B6DFC5}
		{3B1418B7-6170-4BFF-84ED-9BB4837CF8AA} = {F1058072-2549-4BA2-A166-F70A40B6DFC5}
	EndGlobalSection
	GlobalSection(ExtensibilityGlobals) = postSolution
		SolutionGuid = {D8761E04-3BE2-4FA0-98C5-194156D48A72}
	EndGlobalSection
EndGlobal
